// !$*UTF8*$!
{
	archiveVersion = 1;
	classes = {
	};
	objectVersion = 46;
	objects = {

/* Begin PBXBuildFile section */
		5DFE7E2F1B8EA13B0010DB11 /* AppDelegate.swift in Sources */ = {isa = PBXBuildFile; fileRef = 5DFE7E2E1B8EA13B0010DB11 /* AppDelegate.swift */; };
		5DFE7E311B8EA13B0010DB11 /* FirstViewController.swift in Sources */ = {isa = PBXBuildFile; fileRef = 5DFE7E301B8EA13B0010DB11 /* FirstViewController.swift */; };
		5DFE7E331B8EA13B0010DB11 /* SecondViewController.swift in Sources */ = {isa = PBXBuildFile; fileRef = 5DFE7E321B8EA13B0010DB11 /* SecondViewController.swift */; };
		5DFE7E361B8EA13B0010DB11 /* Main.storyboard in Resources */ = {isa = PBXBuildFile; fileRef = 5DFE7E341B8EA13B0010DB11 /* Main.storyboard */; };
		5DFE7E381B8EA13B0010DB11 /* Images.xcassets in Resources */ = {isa = PBXBuildFile; fileRef = 5DFE7E371B8EA13B0010DB11 /* Images.xcassets */; };
		5DFE7E3B1B8EA13B0010DB11 /* LaunchScreen.xib in Resources */ = {isa = PBXBuildFile; fileRef = 5DFE7E391B8EA13B0010DB11 /* LaunchScreen.xib */; };
		5DFE7E471B8EA13B0010DB11 /* SwiftTriviaTests.swift in Sources */ = {isa = PBXBuildFile; fileRef = 5DFE7E461B8EA13B0010DB11 /* SwiftTriviaTests.swift */; };
/* End PBXBuildFile section */

/* Begin PBXContainerItemProxy section */
		5DFE7E411B8EA13B0010DB11 /* PBXContainerItemProxy */ = {
			isa = PBXContainerItemProxy;
			containerPortal = 5DFE7E211B8EA13A0010DB11 /* Project object */;
			proxyType = 1;
			remoteGlobalIDString = 5DFE7E281B8EA13B0010DB11;
			remoteInfo = SwiftTrivia;
		};
/* End PBXContainerItemProxy section */

/* Begin PBXFileReference section */
		5DFE7E291B8EA13B0010DB11 /* SwiftTrivia.app */ = {isa = PBXFileReference; explicitFileType = wrapper.application; includeInIndex = 0; path = SwiftTrivia.app; sourceTree = BUILT_PRODUCTS_DIR; };
		5DFE7E2D1B8EA13B0010DB11 /* Info.plist */ = {isa = PBXFileReference; lastKnownFileType = text.plist.xml; path = Info.plist; sourceTree = "<group>"; };
		5DFE7E2E1B8EA13B0010DB11 /* AppDelegate.swift */ = {isa = PBXFileReference; lastKnownFileType = sourcecode.swift; path = AppDelegate.swift; sourceTree = "<group>"; };
		5DFE7E301B8EA13B0010DB11 /* FirstViewController.swift */ = {isa = PBXFileReference; lastKnownFileType = sourcecode.swift; path = FirstViewController.swift; sourceTree = "<group>"; };
		5DFE7E321B8EA13B0010DB11 /* SecondViewController.swift */ = {isa = PBXFileReference; lastKnownFileType = sourcecode.swift; path = SecondViewController.swift; sourceTree = "<group>"; };
		5DFE7E351B8EA13B0010DB11 /* Base */ = {isa = PBXFileReference; lastKnownFileType = file.storyboard; name = Base; path = Base.lproj/Main.storyboard; sourceTree = "<group>"; };
		5DFE7E371B8EA13B0010DB11 /* Images.xcassets */ = {isa = PBXFileReference; lastKnownFileType = folder.assetcatalog; path = Images.xcassets; sourceTree = "<group>"; };
		5DFE7E3A1B8EA13B0010DB11 /* Base */ = {isa = PBXFileReference; lastKnownFileType = file.xib; name = Base; path = Base.lproj/LaunchScreen.xib; sourceTree = "<group>"; };
		5DFE7E401B8EA13B0010DB11 /* SwiftTriviaTests.xctest */ = {isa = PBXFileReference; explicitFileType = wrapper.cfbundle; includeInIndex = 0; path = SwiftTriviaTests.xctest; sourceTree = BUILT_PRODUCTS_DIR; };
		5DFE7E451B8EA13B0010DB11 /* Info.plist */ = {isa = PBXFileReference; lastKnownFileType = text.plist.xml; path = Info.plist; sourceTree = "<group>"; };
		5DFE7E461B8EA13B0010DB11 /* SwiftTriviaTests.swift */ = {isa = PBXFileReference; lastKnownFileType = sourcecode.swift; path = SwiftTriviaTests.swift; sourceTree = "<group>"; };
/* End PBXFileReference section */

/* Begin PBXFrameworksBuildPhase section */
		5DFE7E261B8EA13B0010DB11 /* Frameworks */ = {
			isa = PBXFrameworksBuildPhase;
			buildActionMask = 2147483647;
			files = (
			);
			runOnlyForDeploymentPostprocessing = 0;
		};
		5DFE7E3D1B8EA13B0010DB11 /* Frameworks */ = {
			isa = PBXFrameworksBuildPhase;
			buildActionMask = 2147483647;
			files = (
			);
			runOnlyForDeploymentPostprocessing = 0;
		};
/* End PBXFrameworksBuildPhase section */

/* Begin PBXGroup section */
		5DFE7E201B8EA13A0010DB11 = {
			isa = PBXGroup;
			children = (
				5DFE7E2B1B8EA13B0010DB11 /* SwiftTrivia */,
				5DFE7E431B8EA13B0010DB11 /* SwiftTriviaTests */,
				5DFE7E2A1B8EA13B0010DB11 /* Products */,
			);
			sourceTree = "<group>";
		};
		5DFE7E2A1B8EA13B0010DB11 /* Products */ = {
			isa = PBXGroup;
			children = (
				5DFE7E291B8EA13B0010DB11 /* SwiftTrivia.app */,
				5DFE7E401B8EA13B0010DB11 /* SwiftTriviaTests.xctest */,
			);
			name = Products;
			sourceTree = "<group>";
		};
		5DFE7E2B1B8EA13B0010DB11 /* SwiftTrivia */ = {
			isa = PBXGroup;
			children = (
				5DFE7E2E1B8EA13B0010DB11 /* AppDelegate.swift */,
				5DFE7E301B8EA13B0010DB11 /* FirstViewController.swift */,
				5DFE7E321B8EA13B0010DB11 /* SecondViewController.swift */,
				5DFE7E341B8EA13B0010DB11 /* Main.storyboard */,
				5DFE7E371B8EA13B0010DB11 /* Images.xcassets */,
				5DFE7E391B8EA13B0010DB11 /* LaunchScreen.xib */,
				5DFE7E2C1B8EA13B0010DB11 /* Supporting Files */,
			);
			path = SwiftTrivia;
			sourceTree = "<group>";
		};
		5DFE7E2C1B8EA13B0010DB11 /* Supporting Files */ = {
			isa = PBXGroup;
			children = (
				5DFE7E2D1B8EA13B0010DB11 /* Info.plist */,
			);
			name = "Supporting Files";
			sourceTree = "<group>";
		};
		5DFE7E431B8EA13B0010DB11 /* SwiftTriviaTests */ = {
			isa = PBXGroup;
			children = (
				5DFE7E461B8EA13B0010DB11 /* SwiftTriviaTests.swift */,
				5DFE7E441B8EA13B0010DB11 /* Supporting Files */,
			);
			path = SwiftTriviaTests;
			sourceTree = "<group>";
		};
		5DFE7E441B8EA13B0010DB11 /* Supporting Files */ = {
			isa = PBXGroup;
			children = (
				5DFE7E451B8EA13B0010DB11 /* Info.plist */,
			);
			name = "Supporting Files";
			sourceTree = "<group>";
		};
/* End PBXGroup section */

/* Begin PBXNativeTarget section */
		5DFE7E281B8EA13B0010DB11 /* SwiftTrivia */ = {
			isa = PBXNativeTarget;
			buildConfigurationList = 5DFE7E4A1B8EA13B0010DB11 /* Build configuration list for PBXNativeTarget "SwiftTrivia" */;
			buildPhases = (
				5DFE7E251B8EA13B0010DB11 /* Sources */,
				5DFE7E261B8EA13B0010DB11 /* Frameworks */,
				5DFE7E271B8EA13B0010DB11 /* Resources */,
			);
			buildRules = (
			);
			dependencies = (
			);
			name = SwiftTrivia;
			productName = SwiftTrivia;
			productReference = 5DFE7E291B8EA13B0010DB11 /* SwiftTrivia.app */;
			productType = "com.apple.product-type.application";
		};
		5DFE7E3F1B8EA13B0010DB11 /* SwiftTriviaTests */ = {
			isa = PBXNativeTarget;
			buildConfigurationList = 5DFE7E4D1B8EA13B0010DB11 /* Build configuration list for PBXNativeTarget "SwiftTriviaTests" */;
			buildPhases = (
				5DFE7E3C1B8EA13B0010DB11 /* Sources */,
				5DFE7E3D1B8EA13B0010DB11 /* Frameworks */,
				5DFE7E3E1B8EA13B0010DB11 /* Resources */,
			);
			buildRules = (
			);
			dependencies = (
				5DFE7E421B8EA13B0010DB11 /* PBXTargetDependency */,
			);
			name = SwiftTriviaTests;
			productName = SwiftTriviaTests;
			productReference = 5DFE7E401B8EA13B0010DB11 /* SwiftTriviaTests.xctest */;
			productType = "com.apple.product-type.bundle.unit-test";
		};
/* End PBXNativeTarget section */

/* Begin PBXProject section */
		5DFE7E211B8EA13A0010DB11 /* Project object */ = {
			isa = PBXProject;
			attributes = {
				LastUpgradeCheck = 0640;
				ORGANIZATIONNAME = OCApps;
				TargetAttributes = {
					5DFE7E281B8EA13B0010DB11 = {
						CreatedOnToolsVersion = 6.4;
					};
					5DFE7E3F1B8EA13B0010DB11 = {
						CreatedOnToolsVersion = 6.4;
						TestTargetID = 5DFE7E281B8EA13B0010DB11;
					};
				};
			};
			buildConfigurationList = 5DFE7E241B8EA13A0010DB11 /* Build configuration list for PBXProject "SwiftTrivia" */;
			compatibilityVersion = "Xcode 3.2";
			developmentRegion = English;
			hasScannedForEncodings = 0;
			knownRegions = (
				en,
				Base,
			);
			mainGroup = 5DFE7E201B8EA13A0010DB11;
			productRefGroup = 5DFE7E2A1B8EA13B0010DB11 /* Products */;
			projectDirPath = "";
			projectRoot = "";
			targets = (
				5DFE7E281B8EA13B0010DB11 /* SwiftTrivia */,
				5DFE7E3F1B8EA13B0010DB11 /* SwiftTriviaTests */,
			);
		};
/* End PBXProject section */

/* Begin PBXResourcesBuildPhase section */
		5DFE7E271B8EA13B0010DB11 /* Resources */ = {
			isa = PBXResourcesBuildPhase;
			buildActionMask = 2147483647;
			files = (
				5DFE7E361B8EA13B0010DB11 /* Main.storyboard in Resources */,
				5DFE7E3B1B8EA13B0010DB11 /* LaunchScreen.xib in Resources */,
				5DFE7E381B8EA13B0010DB11 /* Images.xcassets in Resources */,
			);
			runOnlyForDeploymentPostprocessing = 0;
		};
		5DFE7E3E1B8EA13B0010DB11 /* Resources */ = {
			isa = PBXResourcesBuildPhase;
			buildActionMask = 2147483647;
			files = (
			);
			runOnlyForDeploymentPostprocessing = 0;
		};
/* End PBXResourcesBuildPhase section */

/* Begin PBXSourcesBuildPhase section */
		5DFE7E251B8EA13B0010DB11 /* Sources */ = {
			isa = PBXSourcesBuildPhase;
			buildActionMask = 2147483647;
			files = (
				5DFE7E331B8EA13B0010DB11 /* SecondViewController.swift in Sources */,
				5DFE7E2F1B8EA13B0010DB11 /* AppDelegate.swift in Sources */,
				5DFE7E311B8EA13B0010DB11 /* FirstViewController.swift in Sources */,
			);
			runOnlyForDeploymentPostprocessing = 0;
		};
		5DFE7E3C1B8EA13B0010DB11 /* Sources */ = {
			isa = PBXSourcesBuildPhase;
			buildActionMask = 2147483647;
			files = (
				5DFE7E471B8EA13B0010DB11 /* SwiftTriviaTests.swift in Sources */,
			);
			runOnlyForDeploymentPostprocessing = 0;
		};
/* End PBXSourcesBuildPhase section */

/* Begin PBXTargetDependency section */
		5DFE7E421B8EA13B0010DB11 /* PBXTargetDependency */ = {
			isa = PBXTargetDependency;
			target = 5DFE7E281B8EA13B0010DB11 /* SwiftTrivia */;
			targetProxy = 5DFE7E411B8EA13B0010DB11 /* PBXContainerItemProxy */;
		};
/* End PBXTargetDependency section */

/* Begin PBXVariantGroup section */
		5DFE7E341B8EA13B0010DB11 /* Main.storyboard */ = {
			isa = PBXVariantGroup;
			children = (
				5DFE7E351B8EA13B0010DB11 /* Base */,
			);
			name = Main.storyboard;
			sourceTree = "<group>";
		};
		5DFE7E391B8EA13B0010DB11 /* LaunchScreen.xib */ = {
			isa = PBXVariantGroup;
			children = (
				5DFE7E3A1B8EA13B0010DB11 /* Base */,
			);
			name = LaunchScreen.xib;
			sourceTree = "<group>";
		};
/* End PBXVariantGroup section */

/* Begin XCBuildConfiguration section */
		5DFE7E481B8EA13B0010DB11 /* Debug */ = {
			isa = XCBuildConfiguration;
			buildSettings = {
				ALWAYS_SEARCH_USER_PATHS = NO;
				CLANG_CXX_LANGUAGE_STANDARD = "gnu++0x";
				CLANG_CXX_LIBRARY = "libc++";
				CLANG_ENABLE_MODULES = YES;
				CLANG_ENABLE_OBJC_ARC = YES;
				CLANG_WARN_BOOL_CONVERSION = YES;
				CLANG_WARN_CONSTANT_CONVERSION = YES;
				CLANG_WARN_DIRECT_OBJC_ISA_USAGE = YES_ERROR;
				CLANG_WARN_EMPTY_BODY = YES;
				CLANG_WARN_ENUM_CONVERSION = YES;
				CLANG_WARN_INT_CONVERSION = YES;
				CLANG_WARN_OBJC_ROOT_CLASS = YES_ERROR;
				CLANG_WARN_UNREACHABLE_CODE = YES;
				CLANG_WARN__DUPLICATE_METHOD_MATCH = YES;
				"CODE_SIGN_IDENTITY[sdk=iphoneos*]" = "iPhone Developer";
				COPY_PHASE_STRIP = NO;
				DEBUG_INFORMATION_FORMAT = "dwarf-with-dsym";
				ENABLE_STRICT_OBJC_MSGSEND = YES;
				GCC_C_LANGUAGE_STANDARD = gnu99;
				GCC_DYNAMIC_NO_PIC = NO;
				GCC_NO_COMMON_BLOCKS = YES;
				GCC_OPTIMIZATION_LEVEL = 0;
				GCC_PREPROCESSOR_DEFINITIONS = (
					"DEBUG=1",
					"$(inherited)",
				);
				GCC_SYMBOLS_PRIVATE_EXTERN = NO;
				GCC_WARN_64_TO_32_BIT_CONVERSION = YES;
				GCC_WARN_ABOUT_RETURN_TYPE = YES_ERROR;
				GCC_WARN_UNDECLARED_SELECTOR = YES;
				GCC_WARN_UNINITIALIZED_AUTOS = YES_AGGRESSIVE;
				GCC_WARN_UNUSED_FUNCTION = YES;
				GCC_WARN_UNUSED_VARIABLE = YES;
				IPHONEOS_DEPLOYMENT_TARGET = 8.4;
				MTL_ENABLE_DEBUG_INFO = YES;
				ONLY_ACTIVE_ARCH = YES;
				SDKROOT = iphoneos;
				SWIFT_OPTIMIZATION_LEVEL = "-Onone";
			};
			name = Debug;
		};
		5DFE7E491B8EA13B0010DB11 /* Release */ = {
			isa = XCBuildConfiguration;
			buildSettings = {
				ALWAYS_SEARCH_USER_PATHS = NO;
				CLANG_CXX_LANGUAGE_STANDARD = "gnu++0x";
				CLANG_CXX_LIBRARY = "libc++";
				CLANG_ENABLE_MODULES = YES;
				CLANG_ENABLE_OBJC_ARC = YES;
				CLANG_WARN_BOOL_CONVERSION = YES;
				CLANG_WARN_CONSTANT_CONVERSION = YES;
				CLANG_WARN_DIRECT_OBJC_ISA_USAGE = YES_ERROR;
				CLANG_WARN_EMPTY_BODY = YES;
				CLANG_WARN_ENUM_CONVERSION = YES;
				CLANG_WARN_INT_CONVERSION = YES;
				CLANG_WARN_OBJC_ROOT_CLASS = YES_ERROR;
				CLANG_WARN_UNREACHABLE_CODE = YES;
				CLANG_WARN__DUPLICATE_METHOD_MATCH = YES;
				"CODE_SIGN_IDENTITY[sdk=iphoneos*]" = "iPhone Developer";
				COPY_PHASE_STRIP = NO;
				DEBUG_INFORMATION_FORMAT = "dwarf-with-dsym";
				ENABLE_NS_ASSERTIONS = NO;
				ENABLE_STRICT_OBJC_MSGSEND = YES;
				GCC_C_LANGUAGE_STANDARD = gnu99;
				GCC_NO_COMMON_BLOCKS = YES;
				GCC_WARN_64_TO_32_BIT_CONVERSION = YES;
				GCC_WARN_ABOUT_RETURN_TYPE = YES_ERROR;
				GCC_WARN_UNDECLARED_SELECTOR = YES;
				GCC_WARN_UNINITIALIZED_AUTOS = YES_AGGRESSIVE;
				GCC_WARN_UNUSED_FUNCTION = YES;
				GCC_WARN_UNUSED_VARIABLE = YES;
				IPHONEOS_DEPLOYMENT_TARGET = 8.4;
				MTL_ENABLE_DEBUG_INFO = NO;
				SDKROOT = iphoneos;
				VALIDATE_PRODUCT = YES;
			};
			name = Release;
		};
		5DFE7E4B1B8EA13B0010DB11 /* Debug */ = {
			isa = XCBuildConfiguration;
			buildSettings = {
				ASSETCATALOG_COMPILER_APPICON_NAME = AppIcon;
				INFOPLIST_FILE = SwiftTrivia/Info.plist;
				LD_RUNPATH_SEARCH_PATHS = "$(inherited) @executable_path/Frameworks";
				PRODUCT_NAME = "$(TARGET_NAME)";
			};
			name = Debug;
		};
		5DFE7E4C1B8EA13B0010DB11 /* Release */ = {
			isa = XCBuildConfiguration;
			buildSettings = {
				ASSETCATALOG_COMPILER_APPICON_NAME = AppIcon;
				INFOPLIST_FILE = SwiftTrivia/Info.plist;
				LD_RUNPATH_SEARCH_PATHS = "$(inherited) @executable_path/Frameworks";
				PRODUCT_NAME = "$(TARGET_NAME)";
			};
			name = Release;
		};
		5DFE7E4E1B8EA13B0010DB11 /* Debug */ = {
			isa = XCBuildConfiguration;
			buildSettings = {
				BUNDLE_LOADER = "$(TEST_HOST)";
				FRAMEWORK_SEARCH_PATHS = (
					"$(SDKROOT)/Developer/Library/Frameworks",
					"$(inherited)",
				);
				GCC_PREPROCESSOR_DEFINITIONS = (
					"DEBUG=1",
					"$(inherited)",
				);
				INFOPLIST_FILE = SwiftTriviaTests/Info.plist;
				LD_RUNPATH_SEARCH_PATHS = "$(inherited) @executable_path/Frameworks @loader_path/Frameworks";
				PRODUCT_NAME = "$(TARGET_NAME)";
				TEST_HOST = "$(BUILT_PRODUCTS_DIR)/SwiftTrivia.app/SwiftTrivia";
			};
			name = Debug;
		};
		5DFE7E4F1B8EA13B0010DB11 /* Release */ = {
			isa = XCBuildConfiguration;
			buildSettings = {
				BUNDLE_LOADER = "$(TEST_HOST)";
				FRAMEWORK_SEARCH_PATHS = (
					"$(SDKROOT)/Developer/Library/Frameworks",
					"$(inherited)",
				);
				INFOPLIST_FILE = SwiftTriviaTests/Info.plist;
				LD_RUNPATH_SEARCH_PATHS = "$(inherited) @executable_path/Frameworks @loader_path/Frameworks";
				PRODUCT_NAME = "$(TARGET_NAME)";
				TEST_HOST = "$(BUILT_PRODUCTS_DIR)/SwiftTrivia.app/SwiftTrivia";
			};
			name = Release;
		};
/* End XCBuildConfiguration section */

/* Begin XCConfigurationList section */
		5DFE7E241B8EA13A0010DB11 /* Build configuration list for PBXProject "SwiftTrivia" */ = {
			isa = XCConfigurationList;
			buildConfigurations = (
				5DFE7E481B8EA13B0010DB11 /* Debug */,
				5DFE7E491B8EA13B0010DB11 /* Release */,
			);
			defaultConfigurationIsVisible = 0;
			defaultConfigurationName = Release;
		};
		5DFE7E4A1B8EA13B0010DB11 /* Build configuration list for PBXNativeTarget "SwiftTrivia" */ = {
			isa = XCConfigurationList;
			buildConfigurations = (
				5DFE7E4B1B8EA13B0010DB11 /* Debug */,
				5DFE7E4C1B8EA13B0010DB11 /* Release */,
			);
			defaultConfigurationIsVisible = 0;
		};
		5DFE7E4D1B8EA13B0010DB11 /* Build configuration list for PBXNativeTarget "SwiftTriviaTests" */ = {
			isa = XCConfigurationList;
			buildConfigurations = (
				5DFE7E4E1B8EA13B0010DB11 /* Debug */,
				5DFE7E4F1B8EA13B0010DB11 /* Release */,
			);
			defaultConfigurationIsVisible = 0;
		};
/* End XCConfigurationList section */
	};
	rootObject = 5DFE7E211B8EA13A0010DB11 /* Project object */;
}
